
Microsoft Visual Studio Solution File, Format Version 12.00
# Visual Studio Version 17
VisualStudioVersion = 17.14.36930.0 d17.14
MinimumVisualStudioVersion = 10.0.40219.1
Project("{FAE04EC0-301F-11D3-BF4B-00C04F79EFBC}") = "PractiseProject", "PractiseProject.csproj", "{DEA9369A-66C7-4DB9-BE85-57DC2BDD77A0}"
EndProject
Global
	GlobalSection(SolutionConfigurationPlatforms) = preSolution
		Debug|Any CPU = Debug|Any CPU
		Release|Any CPU = Release|Any CPU
	EndGlobalSection
	GlobalSection(ProjectConfigurationPlatforms) = postSolution
		{DEA9369A-66C7-4DB9-BE85-57DC2BDD77A0}.Debug|Any CPU.ActiveCfg = Debug|Any CPU
		{DEA9369A-66C7-4DB9-BE85-57DC2BDD77A0}.Debug|Any CPU.Build.0 = Debug|Any CPU
		{DEA9369A-66C7-4DB9-BE85-57DC2BDD77A0}.Release|Any CPU.ActiveCfg = Release|Any CPU
		{DEA9369A-66C7-4DB9-BE85-57DC2BDD77A0}.Release|Any CPU.Build.0 = Release|Any CPU
	EndGlobalSection
	GlobalSection(SolutionProperties) = preSolution
		HideSolutionNode = FALSE
	EndGlobalSection
	GlobalSection(ExtensibilityGlobals) = postSolution
		SolutionGuid = {54B20584-7D99-46D9-A027-449D6D57D9B3}
	EndGlobalSection
EndGlobal
