
Microsoft Visual Studio Solution File, Format Version 12.00
# Visual Studio Version 17
VisualStudioVersion = 17.14.36930.0 d17.14
MinimumVisualStudioVersion = 10.0.40219.1
Project("{FAE04EC0-301F-11D3-BF4B-00C04F79EFBC}") = "MiddlewareDemo", "MiddlewareDemo.csproj", "{4FED2007-2055-469B-A64A-558562094DB4}"
EndProject
Global
	GlobalSection(SolutionConfigurationPlatforms) = preSolution
		Debug|Any CPU = Debug|Any CPU
		Release|Any CPU = Release|Any CPU
	EndGlobalSection
	GlobalSection(ProjectConfigurationPlatforms) = postSolution
		{4FED2007-2055-469B-A64A-558562094DB4}.Debug|Any CPU.ActiveCfg = Debug|Any CPU
		{4FED2007-2055-469B-A64A-558562094DB4}.Debug|Any CPU.Build.0 = Debug|Any CPU
		{4FED2007-2055-469B-A64A-558562094DB4}.Release|Any CPU.ActiveCfg = Release|Any CPU
		{4FED2007-2055-469B-A64A-558562094DB4}.Release|Any CPU.Build.0 = Release|Any CPU
	EndGlobalSection
	GlobalSection(SolutionProperties) = preSolution
		HideSolutionNode = FALSE
	EndGlobalSection
	GlobalSection(ExtensibilityGlobals) = postSolution
		SolutionGuid = {6735DBD8-498E-41F5-8F11-5F113CC2F101}
	EndGlobalSection
EndGlobal
