
Microsoft Visual Studio Solution File, Format Version 12.00
# Visual Studio Version 17
VisualStudioVersion = 17.14.36717.8 d17.14
MinimumVisualStudioVersion = 10.0.40219.1
Project("{FAE04EC0-301F-11D3-BF4B-00C04F79EFBC}") = "RoutingDemo", "RoutingDemo.csproj", "{2408A5D3-3313-4C9F-B612-7B5565BB3849}"
EndProject
Global
	GlobalSection(SolutionConfigurationPlatforms) = preSolution
		Debug|Any CPU = Debug|Any CPU
		Release|Any CPU = Release|Any CPU
	EndGlobalSection
	GlobalSection(ProjectConfigurationPlatforms) = postSolution
		{2408A5D3-3313-4C9F-B612-7B5565BB3849}.Debug|Any CPU.ActiveCfg = Debug|Any CPU
		{2408A5D3-3313-4C9F-B612-7B5565BB3849}.Debug|Any CPU.Build.0 = Debug|Any CPU
		{2408A5D3-3313-4C9F-B612-7B5565BB3849}.Release|Any CPU.ActiveCfg = Release|Any CPU
		{2408A5D3-3313-4C9F-B612-7B5565BB3849}.Release|Any CPU.Build.0 = Release|Any CPU
	EndGlobalSection
	GlobalSection(SolutionProperties) = preSolution
		HideSolutionNode = FALSE
	EndGlobalSection
	GlobalSection(ExtensibilityGlobals) = postSolution
		SolutionGuid = {6FABE523-D4BD-4587-B6E6-803E4C67704E}
	EndGlobalSection
EndGlobal
